// !$*UTF8*$!
{
	archiveVersion = 1;
	classes = {
	};
	objectVersion = 50;
	objects = {

/* Begin PBXBuildFile section */
		3D11836B244F5A79005F6FB6 /* AppDelegate.swift in Sources */ = {isa = PBXBuildFile; fileRef = 3D11836A244F5A79005F6FB6 /* AppDelegate.swift */; };
		3D11836D244F5A79005F6FB6 /* SceneDelegate.swift in Sources */ = {isa = PBXBuildFile; fileRef = 3D11836C244F5A79005F6FB6 /* SceneDelegate.swift */; };
		3D118370244F5A79005F6FB6 /* KinoCircle.xcdatamodeld in Sources */ = {isa = PBXBuildFile; fileRef = 3D11836E244F5A79005F6FB6 /* KinoCircle.xcdatamodeld */; };
		3D118372244F5A79005F6FB6 /* ContentView.swift in Sources */ = {isa = PBXBuildFile; fileRef = 3D118371244F5A79005F6FB6 /* ContentView.swift */; };
		3D118374244F5A7F005F6FB6 /* Assets.xcassets in Resources */ = {isa = PBXBuildFile; fileRef = 3D118373244F5A7F005F6FB6 /* Assets.xcassets */; };
		3D118377244F5A7F005F6FB6 /* Preview Assets.xcassets in Resources */ = {isa = PBXBuildFile; fileRef = 3D118376244F5A7F005F6FB6 /* Preview Assets.xcassets */; };
		3D11837A244F5A7F005F6FB6 /* LaunchScreen.storyboard in Resources */ = {isa = PBXBuildFile; fileRef = 3D118378244F5A7F005F6FB6 /* LaunchScreen.storyboard */; };
		3D118384244F6962005F6FB6 /* MoviesShowsView.swift in Sources */ = {isa = PBXBuildFile; fileRef = 3D118383244F6962005F6FB6 /* MoviesShowsView.swift */; };
		3D118386244F6986005F6FB6 /* FavoritesView.swift in Sources */ = {isa = PBXBuildFile; fileRef = 3D118385244F6986005F6FB6 /* FavoritesView.swift */; };
		3DAC814824685C10009333CF /* Data.swift in Sources */ = {isa = PBXBuildFile; fileRef = 3DAC814724685C10009333CF /* Data.swift */; };
		3DAC814E24686413009333CF /* Webservice.swift in Sources */ = {isa = PBXBuildFile; fileRef = 3DAC814D24686413009333CF /* Webservice.swift */; };
		3DAC815124686548009333CF /* MovieListViewModel.swift in Sources */ = {isa = PBXBuildFile; fileRef = 3DAC815024686548009333CF /* MovieListViewModel.swift */; };
		3DAC815324688B6E009333CF /* MoviesShowsDetailView.swift in Sources */ = {isa = PBXBuildFile; fileRef = 3DAC815224688B6E009333CF /* MoviesShowsDetailView.swift */; };
		3DAC815524689402009333CF /* MoviesShowsMoviesView.swift in Sources */ = {isa = PBXBuildFile; fileRef = 3DAC815424689402009333CF /* MoviesShowsMoviesView.swift */; };
		3DAC815724689495009333CF /* MoviesShowsShowsView.swift in Sources */ = {isa = PBXBuildFile; fileRef = 3DAC815624689495009333CF /* MoviesShowsShowsView.swift */; };
		3DAC815A2468952A009333CF /* MovieViewModel.swift in Sources */ = {isa = PBXBuildFile; fileRef = 3DAC81592468952A009333CF /* MovieViewModel.swift */; };
/* End PBXBuildFile section */

/* Begin PBXFileReference section */
		3D118367244F5A79005F6FB6 /* KinoCircle.app */ = {isa = PBXFileReference; explicitFileType = wrapper.application; includeInIndex = 0; path = KinoCircle.app; sourceTree = BUILT_PRODUCTS_DIR; };
		3D11836A244F5A79005F6FB6 /* AppDelegate.swift */ = {isa = PBXFileReference; lastKnownFileType = sourcecode.swift; path = AppDelegate.swift; sourceTree = "<group>"; };
		3D11836C244F5A79005F6FB6 /* SceneDelegate.swift */ = {isa = PBXFileReference; lastKnownFileType = sourcecode.swift; path = SceneDelegate.swift; sourceTree = "<group>"; };
		3D11836F244F5A79005F6FB6 /* KinoCircle.xcdatamodel */ = {isa = PBXFileReference; lastKnownFileType = wrapper.xcdatamodel; path = KinoCircle.xcdatamodel; sourceTree = "<group>"; };
		3D118371244F5A79005F6FB6 /* ContentView.swift */ = {isa = PBXFileReference; lastKnownFileType = sourcecode.swift; path = ContentView.swift; sourceTree = "<group>"; };
		3D118373244F5A7F005F6FB6 /* Assets.xcassets */ = {isa = PBXFileReference; lastKnownFileType = folder.assetcatalog; path = Assets.xcassets; sourceTree = "<group>"; };
		3D118376244F5A7F005F6FB6 /* Preview Assets.xcassets */ = {isa = PBXFileReference; lastKnownFileType = folder.assetcatalog; path = "Preview Assets.xcassets"; sourceTree = "<group>"; };
		3D118379244F5A7F005F6FB6 /* Base */ = {isa = PBXFileReference; lastKnownFileType = file.storyboard; name = Base; path = Base.lproj/LaunchScreen.storyboard; sourceTree = "<group>"; };
		3D11837B244F5A7F005F6FB6 /* Info.plist */ = {isa = PBXFileReference; lastKnownFileType = text.plist.xml; path = Info.plist; sourceTree = "<group>"; };
		3D118383244F6962005F6FB6 /* MoviesShowsView.swift */ = {isa = PBXFileReference; lastKnownFileType = sourcecode.swift; path = MoviesShowsView.swift; sourceTree = "<group>"; };
		3D118385244F6986005F6FB6 /* FavoritesView.swift */ = {isa = PBXFileReference; lastKnownFileType = sourcecode.swift; path = FavoritesView.swift; sourceTree = "<group>"; };
		3DAC814724685C10009333CF /* Data.swift */ = {isa = PBXFileReference; lastKnownFileType = sourcecode.swift; path = Data.swift; sourceTree = "<group>"; };
		3DAC814D24686413009333CF /* Webservice.swift */ = {isa = PBXFileReference; lastKnownFileType = sourcecode.swift; path = Webservice.swift; sourceTree = "<group>"; };
		3DAC815024686548009333CF /* MovieListViewModel.swift */ = {isa = PBXFileReference; lastKnownFileType = sourcecode.swift; path = MovieListViewModel.swift; sourceTree = "<group>"; };
		3DAC815224688B6E009333CF /* MoviesShowsDetailView.swift */ = {isa = PBXFileReference; lastKnownFileType = sourcecode.swift; path = MoviesShowsDetailView.swift; sourceTree = "<group>"; };
		3DAC815424689402009333CF /* MoviesShowsMoviesView.swift */ = {isa = PBXFileReference; lastKnownFileType = sourcecode.swift; path = MoviesShowsMoviesView.swift; sourceTree = "<group>"; };
		3DAC815624689495009333CF /* MoviesShowsShowsView.swift */ = {isa = PBXFileReference; lastKnownFileType = sourcecode.swift; path = MoviesShowsShowsView.swift; sourceTree = "<group>"; };
		3DAC81592468952A009333CF /* MovieViewModel.swift */ = {isa = PBXFileReference; lastKnownFileType = sourcecode.swift; path = MovieViewModel.swift; sourceTree = "<group>"; };
/* End PBXFileReference section */

/* Begin PBXFrameworksBuildPhase section */
		3D118364244F5A79005F6FB6 /* Frameworks */ = {
			isa = PBXFrameworksBuildPhase;
			buildActionMask = 2147483647;
			files = (
			);
			runOnlyForDeploymentPostprocessing = 0;
		};
/* End PBXFrameworksBuildPhase section */

/* Begin PBXGroup section */
		3D11835E244F5A79005F6FB6 = {
			isa = PBXGroup;
			children = (
				3D118369244F5A79005F6FB6 /* KinoCircle */,
				3D118368244F5A79005F6FB6 /* Products */,
			);
			sourceTree = "<group>";
		};
		3D118368244F5A79005F6FB6 /* Products */ = {
			isa = PBXGroup;
			children = (
				3D118367244F5A79005F6FB6 /* KinoCircle.app */,
			);
			name = Products;
			sourceTree = "<group>";
		};
		3D118369244F5A79005F6FB6 /* KinoCircle */ = {
			isa = PBXGroup;
			children = (
				3DAC81582468949F009333CF /* UI */,
				3DAC814F24686537009333CF /* View Models */,
				3DAC814A246863D3009333CF /* Services */,
				3DAC8149246863A4009333CF /* Models */,
				3D11836A244F5A79005F6FB6 /* AppDelegate.swift */,
				3D11836C244F5A79005F6FB6 /* SceneDelegate.swift */,
				3D118373244F5A7F005F6FB6 /* Assets.xcassets */,
				3D118378244F5A7F005F6FB6 /* LaunchScreen.storyboard */,
				3D11837B244F5A7F005F6FB6 /* Info.plist */,
				3D11836E244F5A79005F6FB6 /* KinoCircle.xcdatamodeld */,
				3D118375244F5A7F005F6FB6 /* Preview Content */,
			);
			path = KinoCircle;
			sourceTree = "<group>";
		};
		3D118375244F5A7F005F6FB6 /* Preview Content */ = {
			isa = PBXGroup;
			children = (
				3D118376244F5A7F005F6FB6 /* Preview Assets.xcassets */,
			);
			path = "Preview Content";
			sourceTree = "<group>";
		};
		3DAC8149246863A4009333CF /* Models */ = {
			isa = PBXGroup;
			children = (
				3DAC814724685C10009333CF /* Data.swift */,
			);
			path = Models;
			sourceTree = "<group>";
		};
		3DAC814A246863D3009333CF /* Services */ = {
			isa = PBXGroup;
			children = (
				3DAC814D24686413009333CF /* Webservice.swift */,
			);
			path = Services;
			sourceTree = "<group>";
		};
		3DAC814F24686537009333CF /* View Models */ = {
			isa = PBXGroup;
			children = (
				3DAC815024686548009333CF /* MovieListViewModel.swift */,
				3DAC81592468952A009333CF /* MovieViewModel.swift */,
			);
			path = "View Models";
			sourceTree = "<group>";
		};
		3DAC81582468949F009333CF /* UI */ = {
			isa = PBXGroup;
			children = (
				3DAC815624689495009333CF /* MoviesShowsShowsView.swift */,
				3D118371244F5A79005F6FB6 /* ContentView.swift */,
				3D118385244F6986005F6FB6 /* FavoritesView.swift */,
				3D118383244F6962005F6FB6 /* MoviesShowsView.swift */,
				3DAC815224688B6E009333CF /* MoviesShowsDetailView.swift */,
				3DAC815424689402009333CF /* MoviesShowsMoviesView.swift */,
			);
			path = UI;
			sourceTree = "<group>";
		};
/* End PBXGroup section */

/* Begin PBXNativeTarget section */
		3D118366244F5A79005F6FB6 /* KinoCircle */ = {
			isa = PBXNativeTarget;
			buildConfigurationList = 3D11837E244F5A7F005F6FB6 /* Build configuration list for PBXNativeTarget "KinoCircle" */;
			buildPhases = (
				3D118363244F5A79005F6FB6 /* Sources */,
				3D118364244F5A79005F6FB6 /* Frameworks */,
				3D118365244F5A79005F6FB6 /* Resources */,
			);
			buildRules = (
			);
			dependencies = (
			);
			name = KinoCircle;
			productName = KinoCircle;
			productReference = 3D118367244F5A79005F6FB6 /* KinoCircle.app */;
			productType = "com.apple.product-type.application";
		};
/* End PBXNativeTarget section */

/* Begin PBXProject section */
		3D11835F244F5A79005F6FB6 /* Project object */ = {
			isa = PBXProject;
			attributes = {
				LastSwiftUpdateCheck = 1140;
				LastUpgradeCheck = 1140;
				ORGANIZATIONNAME = "Jan Madera";
				TargetAttributes = {
					3D118366244F5A79005F6FB6 = {
						CreatedOnToolsVersion = 11.4.1;
					};
				};
			};
			buildConfigurationList = 3D118362244F5A79005F6FB6 /* Build configuration list for PBXProject "KinoCircle" */;
			compatibilityVersion = "Xcode 9.3";
			developmentRegion = en;
			hasScannedForEncodings = 0;
			knownRegions = (
				en,
				Base,
			);
			mainGroup = 3D11835E244F5A79005F6FB6;
			productRefGroup = 3D118368244F5A79005F6FB6 /* Products */;
			projectDirPath = "";
			projectRoot = "";
			targets = (
				3D118366244F5A79005F6FB6 /* KinoCircle */,
			);
		};
/* End PBXProject section */

/* Begin PBXResourcesBuildPhase section */
		3D118365244F5A79005F6FB6 /* Resources */ = {
			isa = PBXResourcesBuildPhase;
			buildActionMask = 2147483647;
			files = (
				3D11837A244F5A7F005F6FB6 /* LaunchScreen.storyboard in Resources */,
				3D118377244F5A7F005F6FB6 /* Preview Assets.xcassets in Resources */,
				3D118374244F5A7F005F6FB6 /* Assets.xcassets in Resources */,
			);
			runOnlyForDeploymentPostprocessing = 0;
		};
/* End PBXResourcesBuildPhase section */

/* Begin PBXSourcesBuildPhase section */
		3D118363244F5A79005F6FB6 /* Sources */ = {
			isa = PBXSourcesBuildPhase;
			buildActionMask = 2147483647;
			files = (
				3DAC814824685C10009333CF /* Data.swift in Sources */,
				3D11836B244F5A79005F6FB6 /* AppDelegate.swift in Sources */,
				3DAC815124686548009333CF /* MovieListViewModel.swift in Sources */,
				3DAC815724689495009333CF /* MoviesShowsShowsView.swift in Sources */,
				3DAC815524689402009333CF /* MoviesShowsMoviesView.swift in Sources */,
				3DAC814E24686413009333CF /* Webservice.swift in Sources */,
				3D118384244F6962005F6FB6 /* MoviesShowsView.swift in Sources */,
				3D118386244F6986005F6FB6 /* FavoritesView.swift in Sources */,
				3D11836D244F5A79005F6FB6 /* SceneDelegate.swift in Sources */,
				3D118372244F5A79005F6FB6 /* ContentView.swift in Sources */,
				3DAC815A2468952A009333CF /* MovieViewModel.swift in Sources */,
				3D118370244F5A79005F6FB6 /* KinoCircle.xcdatamodeld in Sources */,
				3DAC815324688B6E009333CF /* MoviesShowsDetailView.swift in Sources */,
			);
			runOnlyForDeploymentPostprocessing = 0;
		};
/* End PBXSourcesBuildPhase section */

/* Begin PBXVariantGroup section */
		3D118378244F5A7F005F6FB6 /* LaunchScreen.storyboard */ = {
			isa = PBXVariantGroup;
			children = (
				3D118379244F5A7F005F6FB6 /* Base */,
			);
			name = LaunchScreen.storyboard;
			sourceTree = "<group>";
		};
/* End PBXVariantGroup section */

/* Begin XCBuildConfiguration section */
		3D11837C244F5A7F005F6FB6 /* Debug */ = {
			isa = XCBuildConfiguration;
			buildSettings = {
				ALWAYS_SEARCH_USER_PATHS = NO;
				CLANG_ANALYZER_NONNULL = YES;
				CLANG_ANALYZER_NUMBER_OBJECT_CONVERSION = YES_AGGRESSIVE;
				CLANG_CXX_LANGUAGE_STANDARD = "gnu++14";
				CLANG_CXX_LIBRARY = "libc++";
				CLANG_ENABLE_MODULES = YES;
				CLANG_ENABLE_OBJC_ARC = YES;
				CLANG_ENABLE_OBJC_WEAK = YES;
				CLANG_WARN_BLOCK_CAPTURE_AUTORELEASING = YES;
				CLANG_WARN_BOOL_CONVERSION = YES;
				CLANG_WARN_COMMA = YES;
				CLANG_WARN_CONSTANT_CONVERSION = YES;
				CLANG_WARN_DEPRECATED_OBJC_IMPLEMENTATIONS = YES;
				CLANG_WARN_DIRECT_OBJC_ISA_USAGE = YES_ERROR;
				CLANG_WARN_DOCUMENTATION_COMMENTS = YES;
				CLANG_WARN_EMPTY_BODY = YES;
				CLANG_WARN_ENUM_CONVERSION = YES;
				CLANG_WARN_INFINITE_RECURSION = YES;
				CLANG_WARN_INT_CONVERSION = YES;
				CLANG_WARN_NON_LITERAL_NULL_CONVERSION = YES;
				CLANG_WARN_OBJC_IMPLICIT_RETAIN_SELF = YES;
				CLANG_WARN_OBJC_LITERAL_CONVERSION = YES;
				CLANG_WARN_OBJC_ROOT_CLASS = YES_ERROR;
				CLANG_WARN_RANGE_LOOP_ANALYSIS = YES;
				CLANG_WARN_STRICT_PROTOTYPES = YES;
				CLANG_WARN_SUSPICIOUS_MOVE = YES;
				CLANG_WARN_UNGUARDED_AVAILABILITY = YES_AGGRESSIVE;
				CLANG_WARN_UNREACHABLE_CODE = YES;
				CLANG_WARN__DUPLICATE_METHOD_MATCH = YES;
				COPY_PHASE_STRIP = NO;
				DEBUG_INFORMATION_FORMAT = dwarf;
				ENABLE_STRICT_OBJC_MSGSEND = YES;
				ENABLE_TESTABILITY = YES;
				GCC_C_LANGUAGE_STANDARD = gnu11;
				GCC_DYNAMIC_NO_PIC = NO;
				GCC_NO_COMMON_BLOCKS = YES;
				GCC_OPTIMIZATION_LEVEL = 0;
				GCC_PREPROCESSOR_DEFINITIONS = (
					"DEBUG=1",
					"$(inherited)",
				);
				GCC_WARN_64_TO_32_BIT_CONVERSION = YES;
				GCC_WARN_ABOUT_RETURN_TYPE = YES_ERROR;
				GCC_WARN_UNDECLARED_SELECTOR = YES;
				GCC_WARN_UNINITIALIZED_AUTOS = YES_AGGRESSIVE;
				GCC_WARN_UNUSED_FUNCTION = YES;
				GCC_WARN_UNUSED_VARIABLE = YES;
				IPHONEOS_DEPLOYMENT_TARGET = 13.4;
				MTL_ENABLE_DEBUG_INFO = INCLUDE_SOURCE;
				MTL_FAST_MATH = YES;
				ONLY_ACTIVE_ARCH = YES;
				SDKROOT = iphoneos;
				SWIFT_ACTIVE_COMPILATION_CONDITIONS = DEBUG;
				SWIFT_OPTIMIZATION_LEVEL = "-Onone";
			};
			name = Debug;
		};
		3D11837D244F5A7F005F6FB6 /* Release */ = {
			isa = XCBuildConfiguration;
			buildSettings = {
				ALWAYS_SEARCH_USER_PATHS = NO;
				CLANG_ANALYZER_NONNULL = YES;
				CLANG_ANALYZER_NUMBER_OBJECT_CONVERSION = YES_AGGRESSIVE;
				CLANG_CXX_LANGUAGE_STANDARD = "gnu++14";
				CLANG_CXX_LIBRARY = "libc++";
				CLANG_ENABLE_MODULES = YES;
				CLANG_ENABLE_OBJC_ARC = YES;
				CLANG_ENABLE_OBJC_WEAK = YES;
				CLANG_WARN_BLOCK_CAPTURE_AUTORELEASING = YES;
				CLANG_WARN_BOOL_CONVERSION = YES;
				CLANG_WARN_COMMA = YES;
				CLANG_WARN_CONSTANT_CONVERSION = YES;
				CLANG_WARN_DEPRECATED_OBJC_IMPLEMENTATIONS = YES;
				CLANG_WARN_DIRECT_OBJC_ISA_USAGE = YES_ERROR;
				CLANG_WARN_DOCUMENTATION_COMMENTS = YES;
				CLANG_WARN_EMPTY_BODY = YES;
				CLANG_WARN_ENUM_CONVERSION = YES;
				CLANG_WARN_INFINITE_RECURSION = YES;
				CLANG_WARN_INT_CONVERSION = YES;
				CLANG_WARN_NON_LITERAL_NULL_CONVERSION = YES;
				CLANG_WARN_OBJC_IMPLICIT_RETAIN_SELF = YES;
				CLANG_WARN_OBJC_LITERAL_CONVERSION = YES;
				CLANG_WARN_OBJC_ROOT_CLASS = YES_ERROR;
				CLANG_WARN_RANGE_LOOP_ANALYSIS = YES;
				CLANG_WARN_STRICT_PROTOTYPES = YES;
				CLANG_WARN_SUSPICIOUS_MOVE = YES;
				CLANG_WARN_UNGUARDED_AVAILABILITY = YES_AGGRESSIVE;
				CLANG_WARN_UNREACHABLE_CODE = YES;
				CLANG_WARN__DUPLICATE_METHOD_MATCH = YES;
				COPY_PHASE_STRIP = NO;
				DEBUG_INFORMATION_FORMAT = "dwarf-with-dsym";
				ENABLE_NS_ASSERTIONS = NO;
				ENABLE_STRICT_OBJC_MSGSEND = YES;
				GCC_C_LANGUAGE_STANDARD = gnu11;
				GCC_NO_COMMON_BLOCKS = YES;
				GCC_WARN_64_TO_32_BIT_CONVERSION = YES;
				GCC_WARN_ABOUT_RETURN_TYPE = YES_ERROR;
				GCC_WARN_UNDECLARED_SELECTOR = YES;
				GCC_WARN_UNINITIALIZED_AUTOS = YES_AGGRESSIVE;
				GCC_WARN_UNUSED_FUNCTION = YES;
				GCC_WARN_UNUSED_VARIABLE = YES;
				IPHONEOS_DEPLOYMENT_TARGET = 13.4;
				MTL_ENABLE_DEBUG_INFO = NO;
				MTL_FAST_MATH = YES;
				SDKROOT = iphoneos;
				SWIFT_COMPILATION_MODE = wholemodule;
				SWIFT_OPTIMIZATION_LEVEL = "-O";
				VALIDATE_PRODUCT = YES;
			};
			name = Release;
		};
		3D11837F244F5A7F005F6FB6 /* Debug */ = {
			isa = XCBuildConfiguration;
			buildSettings = {
				ASSETCATALOG_COMPILER_APPICON_NAME = AppIcon;
				CODE_SIGN_STYLE = Automatic;
				DEVELOPMENT_ASSET_PATHS = "\"KinoCircle/Preview Content\"";
				ENABLE_PREVIEWS = YES;
				INFOPLIST_FILE = KinoCircle/Info.plist;
				LD_RUNPATH_SEARCH_PATHS = (
					"$(inherited)",
					"@executable_path/Frameworks",
				);
				PRODUCT_BUNDLE_IDENTIFIER = mendelu.KinoCircle;
				PRODUCT_NAME = "$(TARGET_NAME)";
				SWIFT_VERSION = 5.0;
				TARGETED_DEVICE_FAMILY = "1,2";
			};
			name = Debug;
		};
		3D118380244F5A7F005F6FB6 /* Release */ = {
			isa = XCBuildConfiguration;
			buildSettings = {
				ASSETCATALOG_COMPILER_APPICON_NAME = AppIcon;
				CODE_SIGN_STYLE = Automatic;
				DEVELOPMENT_ASSET_PATHS = "\"KinoCircle/Preview Content\"";
				ENABLE_PREVIEWS = YES;
				INFOPLIST_FILE = KinoCircle/Info.plist;
				LD_RUNPATH_SEARCH_PATHS = (
					"$(inherited)",
					"@executable_path/Frameworks",
				);
				PRODUCT_BUNDLE_IDENTIFIER = mendelu.KinoCircle;
				PRODUCT_NAME = "$(TARGET_NAME)";
				SWIFT_VERSION = 5.0;
				TARGETED_DEVICE_FAMILY = "1,2";
			};
			name = Release;
		};
/* End XCBuildConfiguration section */

/* Begin XCConfigurationList section */
		3D118362244F5A79005F6FB6 /* Build configuration list for PBXProject "KinoCircle" */ = {
			isa = XCConfigurationList;
			buildConfigurations = (
				3D11837C244F5A7F005F6FB6 /* Debug */,
				3D11837D244F5A7F005F6FB6 /* Release */,
			);
			defaultConfigurationIsVisible = 0;
			defaultConfigurationName = Release;
		};
		3D11837E244F5A7F005F6FB6 /* Build configuration list for PBXNativeTarget "KinoCircle" */ = {
			isa = XCConfigurationList;
			buildConfigurations = (
				3D11837F244F5A7F005F6FB6 /* Debug */,
				3D118380244F5A7F005F6FB6 /* Release */,
			);
			defaultConfigurationIsVisible = 0;
			defaultConfigurationName = Release;
		};
/* End XCConfigurationList section */

/* Begin XCVersionGroup section */
		3D11836E244F5A79005F6FB6 /* KinoCircle.xcdatamodeld */ = {
			isa = XCVersionGroup;
			children = (
				3D11836F244F5A79005F6FB6 /* KinoCircle.xcdatamodel */,
			);
			currentVersion = 3D11836F244F5A79005F6FB6 /* KinoCircle.xcdatamodel */;
			path = KinoCircle.xcdatamodeld;
			sourceTree = "<group>";
			versionGroupType = wrapper.xcdatamodel;
		};
/* End XCVersionGroup section */
	};
	rootObject = 3D11835F244F5A79005F6FB6 /* Project object */;
}
